// !$*UTF8*$!
{
	archiveVersion = 1;
	classes = {
	};
	objectVersion = 77;
	objects = {

/* Begin PBXBuildFile section */
		D394A5882CDE1F0700273AF8 /* Assets.xcassets in Resources */ = {isa = PBXBuildFile; fileRef = D394A57E2CDE1F0700273AF8 /* Assets.xcassets */; };
		D394A58A2CDE1F0700273AF8 /* LaunchScreen.storyboard in Resources */ = {isa = PBXBuildFile; fileRef = D394A5822CDE1F0700273AF8 /* LaunchScreen.storyboard */; };
		D394A58B2CDE1F0700273AF8 /* Main.storyboard in Resources */ = {isa = PBXBuildFile; fileRef = D394A5842CDE1F0700273AF8 /* Main.storyboard */; };
		D394A58C2CDE1F0700273AF8 /* SceneDelegate.swift in Sources */ = {isa = PBXBuildFile; fileRef = D394A57B2CDE1F0700273AF8 /* SceneDelegate.swift */; };
		D394A58D2CDE1F0700273AF8 /* AppDelegate.swift in Sources */ = {isa = PBXBuildFile; fileRef = D394A57D2CDE1F0700273AF8 /* AppDelegate.swift */; };
		D394A58E2CDE1F0700273AF8 /* ChallengeIdealista.xcdatamodeld in Sources */ = {isa = PBXBuildFile; fileRef = D394A57F2CDE1F0700273AF8 /* ChallengeIdealista.xcdatamodeld */; };
		D394A58F2CDE1F0700273AF8 /* ViewController.swift in Sources */ = {isa = PBXBuildFile; fileRef = D394A5852CDE1F0700273AF8 /* ViewController.swift */; };
		D394A59E2CDE21B800273AF8 /* Property.swift in Sources */ = {isa = PBXBuildFile; fileRef = D394A59C2CDE21B800273AF8 /* Property.swift */; };
		D394A59F2CDE21B800273AF8 /* PopertyDTO.swift in Sources */ = {isa = PBXBuildFile; fileRef = D394A59D2CDE21B800273AF8 /* PopertyDTO.swift */; };
		D394A5A52CDE21C600273AF8 /* URLSession.swift in Sources */ = {isa = PBXBuildFile; fileRef = D394A5A32CDE21C600273AF8 /* URLSession.swift */; };
		D394A5A62CDE21C600273AF8 /* NetworkInteractor.swift in Sources */ = {isa = PBXBuildFile; fileRef = D394A5A42CDE21C600273AF8 /* NetworkInteractor.swift */; };
		D394A5A72CDE21C600273AF8 /* URLRequest.swift in Sources */ = {isa = PBXBuildFile; fileRef = D394A5A12CDE21C600273AF8 /* URLRequest.swift */; };
		D394A5A82CDE21C600273AF8 /* URL.swift in Sources */ = {isa = PBXBuildFile; fileRef = D394A5A02CDE21C600273AF8 /* URL.swift */; };
		D394A5A92CDE21C600273AF8 /* NetWorkError.swift in Sources */ = {isa = PBXBuildFile; fileRef = D394A5A22CDE21C600273AF8 /* NetWorkError.swift */; };
		D394A5AB2CDE21CC00273AF8 /* PropertyInteractor.swift in Sources */ = {isa = PBXBuildFile; fileRef = D394A5AA2CDE21CC00273AF8 /* PropertyInteractor.swift */; };
		D394A5B92CDE868600273AF8 /* PopertyManager.swift in Sources */ = {isa = PBXBuildFile; fileRef = D394A5B82CDE868600273AF8 /* PopertyManager.swift */; };
		D394A5BC2CDEAE4500273AF8 /* ListViewController.swift in Sources */ = {isa = PBXBuildFile; fileRef = D394A5BB2CDEAE4500273AF8 /* ListViewController.swift */; };
		D394A5BE2CDEAE9000273AF8 /* FavoritesViewController.swift in Sources */ = {isa = PBXBuildFile; fileRef = D394A5BD2CDEAE9000273AF8 /* FavoritesViewController.swift */; };
		D394A5C02CDEAEB400273AF8 /* SettingsViewController.swift in Sources */ = {isa = PBXBuildFile; fileRef = D394A5BF2CDEAEB400273AF8 /* SettingsViewController.swift */; };
		D394A5C62CDEB2D300273AF8 /* Info.plist in Resources */ = {isa = PBXBuildFile; fileRef = D394A5C52CDEB2D300273AF8 /* Info.plist */; };
/* End PBXBuildFile section */

/* Begin PBXContainerItemProxy section */
		D394A1432CDB6B1300273AF8 /* PBXContainerItemProxy */ = {
			isa = PBXContainerItemProxy;
			containerPortal = D394A1212CDB6B1200273AF8 /* Project object */;
			proxyType = 1;
			remoteGlobalIDString = D394A1282CDB6B1200273AF8;
			remoteInfo = ChallengeIdealista;
		};
		D394A14D2CDB6B1300273AF8 /* PBXContainerItemProxy */ = {
			isa = PBXContainerItemProxy;
			containerPortal = D394A1212CDB6B1200273AF8 /* Project object */;
			proxyType = 1;
			remoteGlobalIDString = D394A1282CDB6B1200273AF8;
			remoteInfo = ChallengeIdealista;
		};
/* End PBXContainerItemProxy section */

/* Begin PBXFileReference section */
		D394A1292CDB6B1200273AF8 /* ChallengeIdealista.app */ = {isa = PBXFileReference; explicitFileType = wrapper.application; includeInIndex = 0; path = ChallengeIdealista.app; sourceTree = BUILT_PRODUCTS_DIR; };
		D394A1422CDB6B1300273AF8 /* ChallengeIdealistaTests.xctest */ = {isa = PBXFileReference; explicitFileType = wrapper.cfbundle; includeInIndex = 0; path = ChallengeIdealistaTests.xctest; sourceTree = BUILT_PRODUCTS_DIR; };
		D394A14C2CDB6B1300273AF8 /* ChallengeIdealistaUITests.xctest */ = {isa = PBXFileReference; explicitFileType = wrapper.cfbundle; includeInIndex = 0; path = ChallengeIdealistaUITests.xctest; sourceTree = BUILT_PRODUCTS_DIR; };
		D394A57B2CDE1F0700273AF8 /* SceneDelegate.swift */ = {isa = PBXFileReference; lastKnownFileType = sourcecode.swift; path = SceneDelegate.swift; sourceTree = "<group>"; };
		D394A57D2CDE1F0700273AF8 /* AppDelegate.swift */ = {isa = PBXFileReference; lastKnownFileType = sourcecode.swift; path = AppDelegate.swift; sourceTree = "<group>"; };
		D394A57E2CDE1F0700273AF8 /* Assets.xcassets */ = {isa = PBXFileReference; lastKnownFileType = folder.assetcatalog; path = Assets.xcassets; sourceTree = "<group>"; };
		D394A5812CDE1F0700273AF8 /* Base */ = {isa = PBXFileReference; lastKnownFileType = file.storyboard; name = Base; path = Base.lproj/LaunchScreen.storyboard; sourceTree = "<group>"; };
		D394A5832CDE1F0700273AF8 /* Base */ = {isa = PBXFileReference; lastKnownFileType = file.storyboard; name = Base; path = Base.lproj/Main.storyboard; sourceTree = "<group>"; };
		D394A5852CDE1F0700273AF8 /* ViewController.swift */ = {isa = PBXFileReference; lastKnownFileType = sourcecode.swift; path = ViewController.swift; sourceTree = "<group>"; };
		D394A5872CDE1F0700273AF8 /* ChallengeIdealista.xcdatamodel */ = {isa = PBXFileReference; lastKnownFileType = wrapper.xcdatamodel; path = ChallengeIdealista.xcdatamodel; sourceTree = "<group>"; };
		D394A59C2CDE21B800273AF8 /* Property.swift */ = {isa = PBXFileReference; lastKnownFileType = sourcecode.swift; path = Property.swift; sourceTree = "<group>"; };
		D394A59D2CDE21B800273AF8 /* PopertyDTO.swift */ = {isa = PBXFileReference; lastKnownFileType = sourcecode.swift; path = PopertyDTO.swift; sourceTree = "<group>"; };
		D394A5A02CDE21C600273AF8 /* URL.swift */ = {isa = PBXFileReference; lastKnownFileType = sourcecode.swift; path = URL.swift; sourceTree = "<group>"; };
		D394A5A12CDE21C600273AF8 /* URLRequest.swift */ = {isa = PBXFileReference; lastKnownFileType = sourcecode.swift; path = URLRequest.swift; sourceTree = "<group>"; };
		D394A5A22CDE21C600273AF8 /* NetWorkError.swift */ = {isa = PBXFileReference; lastKnownFileType = sourcecode.swift; path = NetWorkError.swift; sourceTree = "<group>"; };
		D394A5A32CDE21C600273AF8 /* URLSession.swift */ = {isa = PBXFileReference; lastKnownFileType = sourcecode.swift; path = URLSession.swift; sourceTree = "<group>"; };
		D394A5A42CDE21C600273AF8 /* NetworkInteractor.swift */ = {isa = PBXFileReference; lastKnownFileType = sourcecode.swift; path = NetworkInteractor.swift; sourceTree = "<group>"; };
		D394A5AA2CDE21CC00273AF8 /* PropertyInteractor.swift */ = {isa = PBXFileReference; lastKnownFileType = sourcecode.swift; path = PropertyInteractor.swift; sourceTree = "<group>"; };
		D394A5B82CDE868600273AF8 /* PopertyManager.swift */ = {isa = PBXFileReference; lastKnownFileType = sourcecode.swift; path = PopertyManager.swift; sourceTree = "<group>"; };
		D394A5BB2CDEAE4500273AF8 /* ListViewController.swift */ = {isa = PBXFileReference; lastKnownFileType = sourcecode.swift; path = ListViewController.swift; sourceTree = "<group>"; };
		D394A5BD2CDEAE9000273AF8 /* FavoritesViewController.swift */ = {isa = PBXFileReference; lastKnownFileType = sourcecode.swift; path = FavoritesViewController.swift; sourceTree = "<group>"; };
		D394A5BF2CDEAEB400273AF8 /* SettingsViewController.swift */ = {isa = PBXFileReference; lastKnownFileType = sourcecode.swift; path = SettingsViewController.swift; sourceTree = "<group>"; };
		D394A5C52CDEB2D300273AF8 /* Info.plist */ = {isa = PBXFileReference; lastKnownFileType = text.plist.xml; path = Info.plist; sourceTree = "<group>"; };
/* End PBXFileReference section */

/* Begin PBXFileSystemSynchronizedRootGroup section */
		D394A1452CDB6B1300273AF8 /* ChallengeIdealistaTests */ = {
			isa = PBXFileSystemSynchronizedRootGroup;
			path = ChallengeIdealistaTests;
			sourceTree = "<group>";
		};
		D394A14F2CDB6B1300273AF8 /* ChallengeIdealistaUITests */ = {
			isa = PBXFileSystemSynchronizedRootGroup;
			path = ChallengeIdealistaUITests;
			sourceTree = "<group>";
		};
/* End PBXFileSystemSynchronizedRootGroup section */

/* Begin PBXFrameworksBuildPhase section */
		D394A1262CDB6B1200273AF8 /* Frameworks */ = {
			isa = PBXFrameworksBuildPhase;
			buildActionMask = 2147483647;
			files = (
			);
			runOnlyForDeploymentPostprocessing = 0;
		};
		D394A13F2CDB6B1300273AF8 /* Frameworks */ = {
			isa = PBXFrameworksBuildPhase;
			buildActionMask = 2147483647;
			files = (
			);
			runOnlyForDeploymentPostprocessing = 0;
		};
		D394A1492CDB6B1300273AF8 /* Frameworks */ = {
			isa = PBXFrameworksBuildPhase;
			buildActionMask = 2147483647;
			files = (
			);
			runOnlyForDeploymentPostprocessing = 0;
		};
/* End PBXFrameworksBuildPhase section */

/* Begin PBXGroup section */
		D394A1202CDB6B1200273AF8 = {
			isa = PBXGroup;
			children = (
				D394A5862CDE1F0700273AF8 /* ChallengeIdealista */,
				D394A1452CDB6B1300273AF8 /* ChallengeIdealistaTests */,
				D394A14F2CDB6B1300273AF8 /* ChallengeIdealistaUITests */,
				D394A12A2CDB6B1200273AF8 /* Products */,
			);
			sourceTree = "<group>";
		};
		D394A12A2CDB6B1200273AF8 /* Products */ = {
			isa = PBXGroup;
			children = (
				D394A1292CDB6B1200273AF8 /* ChallengeIdealista.app */,
				D394A1422CDB6B1300273AF8 /* ChallengeIdealistaTests.xctest */,
				D394A14C2CDB6B1300273AF8 /* ChallengeIdealistaUITests.xctest */,
			);
			name = Products;
			sourceTree = "<group>";
		};
		D394A57C2CDE1F0700273AF8 /* System */ = {
			isa = PBXGroup;
			children = (
				D394A57D2CDE1F0700273AF8 /* AppDelegate.swift */,
				D394A57B2CDE1F0700273AF8 /* SceneDelegate.swift */,
				D394A5822CDE1F0700273AF8 /* LaunchScreen.storyboard */,
			);
			path = System;
			sourceTree = "<group>";
		};
		D394A5862CDE1F0700273AF8 /* ChallengeIdealista */ = {
			isa = PBXGroup;
			children = (
				D394A5C52CDEB2D300273AF8 /* Info.plist */,
				D394A5852CDE1F0700273AF8 /* ViewController.swift */,
				D394A5842CDE1F0700273AF8 /* Main.storyboard */,
				D394A5952CDE20D000273AF8 /* Views */,
				D394A5BA2CDEADD400273AF8 /* ViewControllers */,
				D394A5942CDE208C00273AF8 /* Logic */,
				D394A5932CDE208400273AF8 /* Interactor */,
				D394A5922CDE206D00273AF8 /* Interface */,
				D394A5912CDE206300273AF8 /* Model */,
				D394A5902CDE205100273AF8 /* Resources */,
				D394A57C2CDE1F0700273AF8 /* System */,
				D394A57F2CDE1F0700273AF8 /* ChallengeIdealista.xcdatamodeld */,
			);
			path = ChallengeIdealista;
			sourceTree = "<group>";
		};
		D394A5902CDE205100273AF8 /* Resources */ = {
			isa = PBXGroup;
			children = (
				D394A57E2CDE1F0700273AF8 /* Assets.xcassets */,
			);
			path = Resources;
			sourceTree = "<group>";
		};
		D394A5912CDE206300273AF8 /* Model */ = {
			isa = PBXGroup;
			children = (
				D394A59C2CDE21B800273AF8 /* Property.swift */,
				D394A59D2CDE21B800273AF8 /* PopertyDTO.swift */,
			);
			path = Model;
			sourceTree = "<group>";
		};
		D394A5922CDE206D00273AF8 /* Interface */ = {
			isa = PBXGroup;
			children = (
				D394A5A02CDE21C600273AF8 /* URL.swift */,
				D394A5A12CDE21C600273AF8 /* URLRequest.swift */,
				D394A5A22CDE21C600273AF8 /* NetWorkError.swift */,
				D394A5A32CDE21C600273AF8 /* URLSession.swift */,
				D394A5A42CDE21C600273AF8 /* NetworkInteractor.swift */,
			);
			path = Interface;
			sourceTree = "<group>";
		};
		D394A5932CDE208400273AF8 /* Interactor */ = {
			isa = PBXGroup;
			children = (
				D394A5AA2CDE21CC00273AF8 /* PropertyInteractor.swift */,
			);
			path = Interactor;
			sourceTree = "<group>";
		};
		D394A5942CDE208C00273AF8 /* Logic */ = {
			isa = PBXGroup;
			children = (
				D394A5B82CDE868600273AF8 /* PopertyManager.swift */,
			);
			path = Logic;
			sourceTree = "<group>";
		};
		D394A5952CDE20D000273AF8 /* Views */ = {
			isa = PBXGroup;
			children = (
			);
			path = Views;
			sourceTree = "<group>";
		};
		D394A5BA2CDEADD400273AF8 /* ViewControllers */ = {
			isa = PBXGroup;
			children = (
				D394A5BB2CDEAE4500273AF8 /* ListViewController.swift */,
				D394A5BD2CDEAE9000273AF8 /* FavoritesViewController.swift */,
				D394A5BF2CDEAEB400273AF8 /* SettingsViewController.swift */,
			);
			path = ViewControllers;
			sourceTree = "<group>";
		};
/* End PBXGroup section */

/* Begin PBXNativeTarget section */
		D394A1282CDB6B1200273AF8 /* ChallengeIdealista */ = {
			isa = PBXNativeTarget;
			buildConfigurationList = D394A1552CDB6B1300273AF8 /* Build configuration list for PBXNativeTarget "ChallengeIdealista" */;
			buildPhases = (
				D394A1252CDB6B1200273AF8 /* Sources */,
				D394A1262CDB6B1200273AF8 /* Frameworks */,
				D394A1272CDB6B1200273AF8 /* Resources */,
			);
			buildRules = (
			);
			dependencies = (
			);
			name = ChallengeIdealista;
			packageProductDependencies = (
			);
			productName = ChallengeIdealista;
			productReference = D394A1292CDB6B1200273AF8 /* ChallengeIdealista.app */;
			productType = "com.apple.product-type.application";
		};
		D394A1412CDB6B1300273AF8 /* ChallengeIdealistaTests */ = {
			isa = PBXNativeTarget;
			buildConfigurationList = D394A15A2CDB6B1300273AF8 /* Build configuration list for PBXNativeTarget "ChallengeIdealistaTests" */;
			buildPhases = (
				D394A13E2CDB6B1300273AF8 /* Sources */,
				D394A13F2CDB6B1300273AF8 /* Frameworks */,
				D394A1402CDB6B1300273AF8 /* Resources */,
			);
			buildRules = (
			);
			dependencies = (
				D394A1442CDB6B1300273AF8 /* PBXTargetDependency */,
			);
			fileSystemSynchronizedGroups = (
				D394A1452CDB6B1300273AF8 /* ChallengeIdealistaTests */,
			);
			name = ChallengeIdealistaTests;
			packageProductDependencies = (
			);
			productName = ChallengeIdealistaTests;
			productReference = D394A1422CDB6B1300273AF8 /* ChallengeIdealistaTests.xctest */;
			productType = "com.apple.product-type.bundle.unit-test";
		};
		D394A14B2CDB6B1300273AF8 /* ChallengeIdealistaUITests */ = {
			isa = PBXNativeTarget;
			buildConfigurationList = D394A15D2CDB6B1300273AF8 /* Build configuration list for PBXNativeTarget "ChallengeIdealistaUITests" */;
			buildPhases = (
				D394A1482CDB6B1300273AF8 /* Sources */,
				D394A1492CDB6B1300273AF8 /* Frameworks */,
				D394A14A2CDB6B1300273AF8 /* Resources */,
			);
			buildRules = (
			);
			dependencies = (
				D394A14E2CDB6B1300273AF8 /* PBXTargetDependency */,
			);
			fileSystemSynchronizedGroups = (
				D394A14F2CDB6B1300273AF8 /* ChallengeIdealistaUITests */,
			);
			name = ChallengeIdealistaUITests;
			packageProductDependencies = (
			);
			productName = ChallengeIdealistaUITests;
			productReference = D394A14C2CDB6B1300273AF8 /* ChallengeIdealistaUITests.xctest */;
			productType = "com.apple.product-type.bundle.ui-testing";
		};
/* End PBXNativeTarget section */

/* Begin PBXProject section */
		D394A1212CDB6B1200273AF8 /* Project object */ = {
			isa = PBXProject;
			attributes = {
				BuildIndependentTargetsInParallel = 1;
				LastSwiftUpdateCheck = 1610;
				LastUpgradeCheck = 1610;
				TargetAttributes = {
					D394A1282CDB6B1200273AF8 = {
						CreatedOnToolsVersion = 16.1;
					};
					D394A1412CDB6B1300273AF8 = {
						CreatedOnToolsVersion = 16.1;
						TestTargetID = D394A1282CDB6B1200273AF8;
					};
					D394A14B2CDB6B1300273AF8 = {
						CreatedOnToolsVersion = 16.1;
						TestTargetID = D394A1282CDB6B1200273AF8;
					};
				};
			};
			buildConfigurationList = D394A1242CDB6B1200273AF8 /* Build configuration list for PBXProject "ChallengeIdealista" */;
			developmentRegion = en;
			hasScannedForEncodings = 0;
			knownRegions = (
				en,
				Base,
			);
			mainGroup = D394A1202CDB6B1200273AF8;
			minimizedProjectReferenceProxies = 1;
			preferredProjectObjectVersion = 77;
			productRefGroup = D394A12A2CDB6B1200273AF8 /* Products */;
			projectDirPath = "";
			projectRoot = "";
			targets = (
				D394A1282CDB6B1200273AF8 /* ChallengeIdealista */,
				D394A1412CDB6B1300273AF8 /* ChallengeIdealistaTests */,
				D394A14B2CDB6B1300273AF8 /* ChallengeIdealistaUITests */,
			);
		};
/* End PBXProject section */

/* Begin PBXResourcesBuildPhase section */
		D394A1272CDB6B1200273AF8 /* Resources */ = {
			isa = PBXResourcesBuildPhase;
			buildActionMask = 2147483647;
			files = (
				D394A5C62CDEB2D300273AF8 /* Info.plist in Resources */,
				D394A5882CDE1F0700273AF8 /* Assets.xcassets in Resources */,
				D394A58A2CDE1F0700273AF8 /* LaunchScreen.storyboard in Resources */,
				D394A58B2CDE1F0700273AF8 /* Main.storyboard in Resources */,
			);
			runOnlyForDeploymentPostprocessing = 0;
		};
		D394A1402CDB6B1300273AF8 /* Resources */ = {
			isa = PBXResourcesBuildPhase;
			buildActionMask = 2147483647;
			files = (
			);
			runOnlyForDeploymentPostprocessing = 0;
		};
		D394A14A2CDB6B1300273AF8 /* Resources */ = {
			isa = PBXResourcesBuildPhase;
			buildActionMask = 2147483647;
			files = (
			);
			runOnlyForDeploymentPostprocessing = 0;
		};
/* End PBXResourcesBuildPhase section */

/* Begin PBXSourcesBuildPhase section */
		D394A1252CDB6B1200273AF8 /* Sources */ = {
			isa = PBXSourcesBuildPhase;
			buildActionMask = 2147483647;
			files = (
				D394A59E2CDE21B800273AF8 /* Property.swift in Sources */,
				D394A5A52CDE21C600273AF8 /* URLSession.swift in Sources */,
				D394A5A62CDE21C600273AF8 /* NetworkInteractor.swift in Sources */,
				D394A5AB2CDE21CC00273AF8 /* PropertyInteractor.swift in Sources */,
				D394A5A72CDE21C600273AF8 /* URLRequest.swift in Sources */,
				D394A5A82CDE21C600273AF8 /* URL.swift in Sources */,
				D394A5BC2CDEAE4500273AF8 /* ListViewController.swift in Sources */,
				D394A5C02CDEAEB400273AF8 /* SettingsViewController.swift in Sources */,
				D394A5A92CDE21C600273AF8 /* NetWorkError.swift in Sources */,
				D394A59F2CDE21B800273AF8 /* PopertyDTO.swift in Sources */,
				D394A5B92CDE868600273AF8 /* PopertyManager.swift in Sources */,
				D394A58C2CDE1F0700273AF8 /* SceneDelegate.swift in Sources */,
				D394A58D2CDE1F0700273AF8 /* AppDelegate.swift in Sources */,
				D394A58E2CDE1F0700273AF8 /* ChallengeIdealista.xcdatamodeld in Sources */,
				D394A5BE2CDEAE9000273AF8 /* FavoritesViewController.swift in Sources */,
				D394A58F2CDE1F0700273AF8 /* ViewController.swift in Sources */,
			);
			runOnlyForDeploymentPostprocessing = 0;
		};
		D394A13E2CDB6B1300273AF8 /* Sources */ = {
			isa = PBXSourcesBuildPhase;
			buildActionMask = 2147483647;
			files = (
			);
			runOnlyForDeploymentPostprocessing = 0;
		};
		D394A1482CDB6B1300273AF8 /* Sources */ = {
			isa = PBXSourcesBuildPhase;
			buildActionMask = 2147483647;
			files = (
			);
			runOnlyForDeploymentPostprocessing = 0;
		};
/* End PBXSourcesBuildPhase section */

/* Begin PBXTargetDependency section */
		D394A1442CDB6B1300273AF8 /* PBXTargetDependency */ = {
			isa = PBXTargetDependency;
			target = D394A1282CDB6B1200273AF8 /* ChallengeIdealista */;
			targetProxy = D394A1432CDB6B1300273AF8 /* PBXContainerItemProxy */;
		};
		D394A14E2CDB6B1300273AF8 /* PBXTargetDependency */ = {
			isa = PBXTargetDependency;
			target = D394A1282CDB6B1200273AF8 /* ChallengeIdealista */;
			targetProxy = D394A14D2CDB6B1300273AF8 /* PBXContainerItemProxy */;
		};
/* End PBXTargetDependency section */

/* Begin PBXVariantGroup section */
		D394A5822CDE1F0700273AF8 /* LaunchScreen.storyboard */ = {
			isa = PBXVariantGroup;
			children = (
				D394A5812CDE1F0700273AF8 /* Base */,
			);
			name = LaunchScreen.storyboard;
			sourceTree = "<group>";
		};
		D394A5842CDE1F0700273AF8 /* Main.storyboard */ = {
			isa = PBXVariantGroup;
			children = (
				D394A5832CDE1F0700273AF8 /* Base */,
			);
			name = Main.storyboard;
			sourceTree = "<group>";
		};
/* End PBXVariantGroup section */

/* Begin XCBuildConfiguration section */
		D394A1562CDB6B1300273AF8 /* Debug */ = {
			isa = XCBuildConfiguration;
			buildSettings = {
				ASSETCATALOG_COMPILER_APPICON_NAME = AppIcon;
				ASSETCATALOG_COMPILER_GLOBAL_ACCENT_COLOR_NAME = AccentColor;
				CODE_SIGN_STYLE = Automatic;
				CURRENT_PROJECT_VERSION = 1;
				DEVELOPMENT_TEAM = L46T9NVJ2U;
				GENERATE_INFOPLIST_FILE = YES;
				INFOPLIST_FILE = ChallengeIdealista/Info.plist;
				INFOPLIST_KEY_UIApplicationSupportsIndirectInputEvents = YES;
				INFOPLIST_KEY_UILaunchStoryboardName = LaunchScreen;
				INFOPLIST_KEY_UIMainStoryboardFile = Main;
				INFOPLIST_KEY_UISupportedInterfaceOrientations = UIInterfaceOrientationPortrait;
				INFOPLIST_KEY_UISupportedInterfaceOrientations_iPad = "UIInterfaceOrientationLandscapeLeft UIInterfaceOrientationLandscapeRight UIInterfaceOrientationPortrait UIInterfaceOrientationPortraitUpsideDown";
				IPHONEOS_DEPLOYMENT_TARGET = 15;
				LD_RUNPATH_SEARCH_PATHS = (
					"$(inherited)",
					"@executable_path/Frameworks",
				);
				MARKETING_VERSION = 1.0;
				PRODUCT_BUNDLE_IDENTIFIER = com.fmalourarte.ChallengeIdealista;
				PRODUCT_NAME = "$(TARGET_NAME)";
				SUPPORTED_PLATFORMS = "iphoneos iphonesimulator";
				SUPPORTS_MACCATALYST = NO;
				SUPPORTS_XR_DESIGNED_FOR_IPHONE_IPAD = NO;
				SWIFT_EMIT_LOC_STRINGS = YES;
				SWIFT_VERSION = 5.0;
				TARGETED_DEVICE_FAMILY = "1,2";
			};
			name = Debug;
		};
		D394A1572CDB6B1300273AF8 /* Release */ = {
			isa = XCBuildConfiguration;
			buildSettings = {
				ASSETCATALOG_COMPILER_APPICON_NAME = AppIcon;
				ASSETCATALOG_COMPILER_GLOBAL_ACCENT_COLOR_NAME = AccentColor;
				CODE_SIGN_STYLE = Automatic;
				CURRENT_PROJECT_VERSION = 1;
				DEVELOPMENT_TEAM = L46T9NVJ2U;
				GENERATE_INFOPLIST_FILE = YES;
				INFOPLIST_FILE = ChallengeIdealista/Info.plist;
				INFOPLIST_KEY_UIApplicationSupportsIndirectInputEvents = YES;
				INFOPLIST_KEY_UILaunchStoryboardName = LaunchScreen;
				INFOPLIST_KEY_UIMainStoryboardFile = Main;
				INFOPLIST_KEY_UISupportedInterfaceOrientations = UIInterfaceOrientationPortrait;
				INFOPLIST_KEY_UISupportedInterfaceOrientations_iPad = "UIInterfaceOrientationLandscapeLeft UIInterfaceOrientationLandscapeRight UIInterfaceOrientationPortrait UIInterfaceOrientationPortraitUpsideDown";
				IPHONEOS_DEPLOYMENT_TARGET = 15;
				LD_RUNPATH_SEARCH_PATHS = (
					"$(inherited)",
					"@executable_path/Frameworks",
				);
				MARKETING_VERSION = 1.0;
				PRODUCT_BUNDLE_IDENTIFIER = com.fmalourarte.ChallengeIdealista;
				PRODUCT_NAME = "$(TARGET_NAME)";
				SUPPORTED_PLATFORMS = "iphoneos iphonesimulator";
				SUPPORTS_MACCATALYST = NO;
				SUPPORTS_XR_DESIGNED_FOR_IPHONE_IPAD = NO;
				SWIFT_EMIT_LOC_STRINGS = YES;
				SWIFT_VERSION = 5.0;
				TARGETED_DEVICE_FAMILY = "1,2";
			};
			name = Release;
		};
		D394A1582CDB6B1300273AF8 /* Debug */ = {
			isa = XCBuildConfiguration;
			buildSettings = {
				ALWAYS_SEARCH_USER_PATHS = NO;
				ASSETCATALOG_COMPILER_GENERATE_SWIFT_ASSET_SYMBOL_EXTENSIONS = YES;
				CLANG_ANALYZER_NONNULL = YES;
				CLANG_ANALYZER_NUMBER_OBJECT_CONVERSION = YES_AGGRESSIVE;
				CLANG_CXX_LANGUAGE_STANDARD = "gnu++20";
				CLANG_ENABLE_MODULES = YES;
				CLANG_ENABLE_OBJC_ARC = YES;
				CLANG_ENABLE_OBJC_WEAK = YES;
				CLANG_WARN_BLOCK_CAPTURE_AUTORELEASING = YES;
				CLANG_WARN_BOOL_CONVERSION = YES;
				CLANG_WARN_COMMA = YES;
				CLANG_WARN_CONSTANT_CONVERSION = YES;
				CLANG_WARN_DEPRECATED_OBJC_IMPLEMENTATIONS = YES;
				CLANG_WARN_DIRECT_OBJC_ISA_USAGE = YES_ERROR;
				CLANG_WARN_DOCUMENTATION_COMMENTS = YES;
				CLANG_WARN_EMPTY_BODY = YES;
				CLANG_WARN_ENUM_CONVERSION = YES;
				CLANG_WARN_INFINITE_RECURSION = YES;
				CLANG_WARN_INT_CONVERSION = YES;
				CLANG_WARN_NON_LITERAL_NULL_CONVERSION = YES;
				CLANG_WARN_OBJC_IMPLICIT_RETAIN_SELF = YES;
				CLANG_WARN_OBJC_LITERAL_CONVERSION = YES;
				CLANG_WARN_OBJC_ROOT_CLASS = YES_ERROR;
				CLANG_WARN_QUOTED_INCLUDE_IN_FRAMEWORK_HEADER = YES;
				CLANG_WARN_RANGE_LOOP_ANALYSIS = YES;
				CLANG_WARN_STRICT_PROTOTYPES = YES;
				CLANG_WARN_SUSPICIOUS_MOVE = YES;
				CLANG_WARN_UNGUARDED_AVAILABILITY = YES_AGGRESSIVE;
				CLANG_WARN_UNREACHABLE_CODE = YES;
				CLANG_WARN__DUPLICATE_METHOD_MATCH = YES;
				COPY_PHASE_STRIP = NO;
				DEBUG_INFORMATION_FORMAT = dwarf;
				ENABLE_STRICT_OBJC_MSGSEND = YES;
				ENABLE_TESTABILITY = YES;
				ENABLE_USER_SCRIPT_SANDBOXING = YES;
				GCC_C_LANGUAGE_STANDARD = gnu17;
				GCC_DYNAMIC_NO_PIC = NO;
				GCC_NO_COMMON_BLOCKS = YES;
				GCC_OPTIMIZATION_LEVEL = 0;
				GCC_PREPROCESSOR_DEFINITIONS = (
					"DEBUG=1",
					"$(inherited)",
				);
				GCC_WARN_64_TO_32_BIT_CONVERSION = YES;
				GCC_WARN_ABOUT_RETURN_TYPE = YES_ERROR;
				GCC_WARN_UNDECLARED_SELECTOR = YES;
				GCC_WARN_UNINITIALIZED_AUTOS = YES_AGGRESSIVE;
				GCC_WARN_UNUSED_FUNCTION = YES;
				GCC_WARN_UNUSED_VARIABLE = YES;
				IPHONEOS_DEPLOYMENT_TARGET = 18.1;
				LOCALIZATION_PREFERS_STRING_CATALOGS = YES;
				MTL_ENABLE_DEBUG_INFO = INCLUDE_SOURCE;
				MTL_FAST_MATH = YES;
				ONLY_ACTIVE_ARCH = YES;
				SDKROOT = iphoneos;
				SWIFT_ACTIVE_COMPILATION_CONDITIONS = "DEBUG $(inherited)";
				SWIFT_OPTIMIZATION_LEVEL = "-Onone";
			};
			name = Debug;
		};
		D394A1592CDB6B1300273AF8 /* Release */ = {
			isa = XCBuildConfiguration;
			buildSettings = {
				ALWAYS_SEARCH_USER_PATHS = NO;
				ASSETCATALOG_COMPILER_GENERATE_SWIFT_ASSET_SYMBOL_EXTENSIONS = YES;
				CLANG_ANALYZER_NONNULL = YES;
				CLANG_ANALYZER_NUMBER_OBJECT_CONVERSION = YES_AGGRESSIVE;
				CLANG_CXX_LANGUAGE_STANDARD = "gnu++20";
				CLANG_ENABLE_MODULES = YES;
				CLANG_ENABLE_OBJC_ARC = YES;
				CLANG_ENABLE_OBJC_WEAK = YES;
				CLANG_WARN_BLOCK_CAPTURE_AUTORELEASING = YES;
				CLANG_WARN_BOOL_CONVERSION = YES;
				CLANG_WARN_COMMA = YES;
				CLANG_WARN_CONSTANT_CONVERSION = YES;
				CLANG_WARN_DEPRECATED_OBJC_IMPLEMENTATIONS = YES;
				CLANG_WARN_DIRECT_OBJC_ISA_USAGE = YES_ERROR;
				CLANG_WARN_DOCUMENTATION_COMMENTS = YES;
				CLANG_WARN_EMPTY_BODY = YES;
				CLANG_WARN_ENUM_CONVERSION = YES;
				CLANG_WARN_INFINITE_RECURSION = YES;
				CLANG_WARN_INT_CONVERSION = YES;
				CLANG_WARN_NON_LITERAL_NULL_CONVERSION = YES;
				CLANG_WARN_OBJC_IMPLICIT_RETAIN_SELF = YES;
				CLANG_WARN_OBJC_LITERAL_CONVERSION = YES;
				CLANG_WARN_OBJC_ROOT_CLASS = YES_ERROR;
				CLANG_WARN_QUOTED_INCLUDE_IN_FRAMEWORK_HEADER = YES;
				CLANG_WARN_RANGE_LOOP_ANALYSIS = YES;
				CLANG_WARN_STRICT_PROTOTYPES = YES;
				CLANG_WARN_SUSPICIOUS_MOVE = YES;
				CLANG_WARN_UNGUARDED_AVAILABILITY = YES_AGGRESSIVE;
				CLANG_WARN_UNREACHABLE_CODE = YES;
				CLANG_WARN__DUPLICATE_METHOD_MATCH = YES;
				COPY_PHASE_STRIP = NO;
				DEBUG_INFORMATION_FORMAT = "dwarf-with-dsym";
				ENABLE_NS_ASSERTIONS = NO;
				ENABLE_STRICT_OBJC_MSGSEND = YES;
				ENABLE_USER_SCRIPT_SANDBOXING = YES;
				GCC_C_LANGUAGE_STANDARD = gnu17;
				GCC_NO_COMMON_BLOCKS = YES;
				GCC_WARN_64_TO_32_BIT_CONVERSION = YES;
				GCC_WARN_ABOUT_RETURN_TYPE = YES_ERROR;
				GCC_WARN_UNDECLARED_SELECTOR = YES;
				GCC_WARN_UNINITIALIZED_AUTOS = YES_AGGRESSIVE;
				GCC_WARN_UNUSED_FUNCTION = YES;
				GCC_WARN_UNUSED_VARIABLE = YES;
				IPHONEOS_DEPLOYMENT_TARGET = 18.1;
				LOCALIZATION_PREFERS_STRING_CATALOGS = YES;
				MTL_ENABLE_DEBUG_INFO = NO;
				MTL_FAST_MATH = YES;
				SDKROOT = iphoneos;
				SWIFT_COMPILATION_MODE = wholemodule;
				VALIDATE_PRODUCT = YES;
			};
			name = Release;
		};
		D394A15B2CDB6B1300273AF8 /* Debug */ = {
			isa = XCBuildConfiguration;
			buildSettings = {
				BUNDLE_LOADER = "$(TEST_HOST)";
				CODE_SIGN_STYLE = Automatic;
				CURRENT_PROJECT_VERSION = 1;
				DEVELOPMENT_TEAM = L46T9NVJ2U;
				GENERATE_INFOPLIST_FILE = YES;
				IPHONEOS_DEPLOYMENT_TARGET = 18.1;
				MARKETING_VERSION = 1.0;
				PRODUCT_BUNDLE_IDENTIFIER = com.fmalourarte.ChallengeIdealistaTests;
				PRODUCT_NAME = "$(TARGET_NAME)";
				SWIFT_EMIT_LOC_STRINGS = NO;
				SWIFT_VERSION = 5.0;
				TARGETED_DEVICE_FAMILY = "1,2";
				TEST_HOST = "$(BUILT_PRODUCTS_DIR)/ChallengeIdealista.app/$(BUNDLE_EXECUTABLE_FOLDER_PATH)/ChallengeIdealista";
			};
			name = Debug;
		};
		D394A15C2CDB6B1300273AF8 /* Release */ = {
			isa = XCBuildConfiguration;
			buildSettings = {
				BUNDLE_LOADER = "$(TEST_HOST)";
				CODE_SIGN_STYLE = Automatic;
				CURRENT_PROJECT_VERSION = 1;
				DEVELOPMENT_TEAM = L46T9NVJ2U;
				GENERATE_INFOPLIST_FILE = YES;
				IPHONEOS_DEPLOYMENT_TARGET = 18.1;
				MARKETING_VERSION = 1.0;
				PRODUCT_BUNDLE_IDENTIFIER = com.fmalourarte.ChallengeIdealistaTests;
				PRODUCT_NAME = "$(TARGET_NAME)";
				SWIFT_EMIT_LOC_STRINGS = NO;
				SWIFT_VERSION = 5.0;
				TARGETED_DEVICE_FAMILY = "1,2";
				TEST_HOST = "$(BUILT_PRODUCTS_DIR)/ChallengeIdealista.app/$(BUNDLE_EXECUTABLE_FOLDER_PATH)/ChallengeIdealista";
			};
			name = Release;
		};
		D394A15E2CDB6B1300273AF8 /* Debug */ = {
			isa = XCBuildConfiguration;
			buildSettings = {
				CODE_SIGN_STYLE = Automatic;
				CURRENT_PROJECT_VERSION = 1;
				DEVELOPMENT_TEAM = L46T9NVJ2U;
				GENERATE_INFOPLIST_FILE = YES;
				MARKETING_VERSION = 1.0;
				PRODUCT_BUNDLE_IDENTIFIER = com.fmalourarte.ChallengeIdealistaUITests;
				PRODUCT_NAME = "$(TARGET_NAME)";
				SWIFT_EMIT_LOC_STRINGS = NO;
				SWIFT_VERSION = 5.0;
				TARGETED_DEVICE_FAMILY = "1,2";
				TEST_TARGET_NAME = ChallengeIdealista;
			};
			name = Debug;
		};
		D394A15F2CDB6B1300273AF8 /* Release */ = {
			isa = XCBuildConfiguration;
			buildSettings = {
				CODE_SIGN_STYLE = Automatic;
				CURRENT_PROJECT_VERSION = 1;
				DEVELOPMENT_TEAM = L46T9NVJ2U;
				GENERATE_INFOPLIST_FILE = YES;
				MARKETING_VERSION = 1.0;
				PRODUCT_BUNDLE_IDENTIFIER = com.fmalourarte.ChallengeIdealistaUITests;
				PRODUCT_NAME = "$(TARGET_NAME)";
				SWIFT_EMIT_LOC_STRINGS = NO;
				SWIFT_VERSION = 5.0;
				TARGETED_DEVICE_FAMILY = "1,2";
				TEST_TARGET_NAME = ChallengeIdealista;
			};
			name = Release;
		};
/* End XCBuildConfiguration section */

/* Begin XCConfigurationList section */
		D394A1242CDB6B1200273AF8 /* Build configuration list for PBXProject "ChallengeIdealista" */ = {
			isa = XCConfigurationList;
			buildConfigurations = (
				D394A1582CDB6B1300273AF8 /* Debug */,
				D394A1592CDB6B1300273AF8 /* Release */,
			);
			defaultConfigurationIsVisible = 0;
			defaultConfigurationName = Release;
		};
		D394A1552CDB6B1300273AF8 /* Build configuration list for PBXNativeTarget "ChallengeIdealista" */ = {
			isa = XCConfigurationList;
			buildConfigurations = (
				D394A1562CDB6B1300273AF8 /* Debug */,
				D394A1572CDB6B1300273AF8 /* Release */,
			);
			defaultConfigurationIsVisible = 0;
			defaultConfigurationName = Release;
		};
		D394A15A2CDB6B1300273AF8 /* Build configuration list for PBXNativeTarget "ChallengeIdealistaTests" */ = {
			isa = XCConfigurationList;
			buildConfigurations = (
				D394A15B2CDB6B1300273AF8 /* Debug */,
				D394A15C2CDB6B1300273AF8 /* Release */,
			);
			defaultConfigurationIsVisible = 0;
			defaultConfigurationName = Release;
		};
		D394A15D2CDB6B1300273AF8 /* Build configuration list for PBXNativeTarget "ChallengeIdealistaUITests" */ = {
			isa = XCConfigurationList;
			buildConfigurations = (
				D394A15E2CDB6B1300273AF8 /* Debug */,
				D394A15F2CDB6B1300273AF8 /* Release */,
			);
			defaultConfigurationIsVisible = 0;
			defaultConfigurationName = Release;
		};
/* End XCConfigurationList section */

/* Begin XCVersionGroup section */
		D394A57F2CDE1F0700273AF8 /* ChallengeIdealista.xcdatamodeld */ = {
			isa = XCVersionGroup;
			children = (
				D394A5872CDE1F0700273AF8 /* ChallengeIdealista.xcdatamodel */,
			);
			currentVersion = D394A5872CDE1F0700273AF8 /* ChallengeIdealista.xcdatamodel */;
			path = ChallengeIdealista.xcdatamodeld;
			sourceTree = "<group>";
			versionGroupType = wrapper.xcdatamodel;
		};
/* End XCVersionGroup section */
	};
	rootObject = D394A1212CDB6B1200273AF8 /* Project object */;
}
